
Microsoft Visual Studio Solution File, Format Version 12.00
# Visual Studio Version 17
VisualStudioVersion = 17.5.33530.505
MinimumVisualStudioVersion = 10.0.40219.1
Project("{FAE04EC0-301F-11D3-BF4B-00C04F79EFBC}") = "Evaluation Manager", "Evaluation Manager.csproj", "{53ECB520-1961-40A4-ADE4-AA78E774D281}"
EndProject
Global
	GlobalSection(SolutionConfigurationPlatforms) = preSolution
		Debug|Any CPU = Debug|Any CPU
		Release|Any CPU = Release|Any CPU
	EndGlobalSection
	GlobalSection(ProjectConfigurationPlatforms) = postSolution
		{53ECB520-1961-40A4-ADE4-AA78E774D281}.Debug|Any CPU.ActiveCfg = Debug|Any CPU
		{53ECB520-1961-40A4-ADE4-AA78E774D281}.Debug|Any CPU.Build.0 = Debug|Any CPU
		{53ECB520-1961-40A4-ADE4-AA78E774D281}.Release|Any CPU.ActiveCfg = Release|Any CPU
		{53ECB520-1961-40A4-ADE4-AA78E774D281}.Release|Any CPU.Build.0 = Release|Any CPU
	EndGlobalSection
	GlobalSection(SolutionProperties) = preSolution
		HideSolutionNode = FALSE
	EndGlobalSection
	GlobalSection(ExtensibilityGlobals) = postSolution
		SolutionGuid = {2FD8A375-EFB3-4932-9BAB-25DB8B172B49}
	EndGlobalSection
EndGlobal
